// !$*UTF8*$!
{
	archiveVersion = 1;
	classes = {
	};
	objectVersion = 50;
	objects = {

/* Begin PBXBuildFile section */
		AE4A62BE2528606900B435F1 /* AppDelegate.swift in Sources */ = {isa = PBXBuildFile; fileRef = AE4A62BD2528606900B435F1 /* AppDelegate.swift */; };
		AE4A62C02528606900B435F1 /* SceneDelegate.swift in Sources */ = {isa = PBXBuildFile; fileRef = AE4A62BF2528606900B435F1 /* SceneDelegate.swift */; };
		AE4A62C22528606900B435F1 /* ViewController.swift in Sources */ = {isa = PBXBuildFile; fileRef = AE4A62C12528606900B435F1 /* ViewController.swift */; };
		AE4A62C52528606900B435F1 /* Main.storyboard in Resources */ = {isa = PBXBuildFile; fileRef = AE4A62C32528606900B435F1 /* Main.storyboard */; };
		AE4A62C72528606D00B435F1 /* Assets.xcassets in Resources */ = {isa = PBXBuildFile; fileRef = AE4A62C62528606D00B435F1 /* Assets.xcassets */; };
		AE4A62CA2528606D00B435F1 /* LaunchScreen.storyboard in Resources */ = {isa = PBXBuildFile; fileRef = AE4A62C82528606D00B435F1 /* LaunchScreen.storyboard */; };
		AE4A62D52528606D00B435F1 /* SiaogangAppTests.swift in Sources */ = {isa = PBXBuildFile; fileRef = AE4A62D42528606D00B435F1 /* SiaogangAppTests.swift */; };
		AE4A62E02528606D00B435F1 /* SiaogangAppUITests.swift in Sources */ = {isa = PBXBuildFile; fileRef = AE4A62DF2528606D00B435F1 /* SiaogangAppUITests.swift */; };
/* End PBXBuildFile section */

/* Begin PBXContainerItemProxy section */
		AE4A62D12528606D00B435F1 /* PBXContainerItemProxy */ = {
			isa = PBXContainerItemProxy;
			containerPortal = AE4A62B22528606900B435F1 /* Project object */;
			proxyType = 1;
			remoteGlobalIDString = AE4A62B92528606900B435F1;
			remoteInfo = SiaogangApp;
		};
		AE4A62DC2528606D00B435F1 /* PBXContainerItemProxy */ = {
			isa = PBXContainerItemProxy;
			containerPortal = AE4A62B22528606900B435F1 /* Project object */;
			proxyType = 1;
			remoteGlobalIDString = AE4A62B92528606900B435F1;
			remoteInfo = SiaogangApp;
		};
/* End PBXContainerItemProxy section */

/* Begin PBXFileReference section */
		AE4A62BA2528606900B435F1 /* SiaogangApp.app */ = {isa = PBXFileReference; explicitFileType = wrapper.application; includeInIndex = 0; path = SiaogangApp.app; sourceTree = BUILT_PRODUCTS_DIR; };
		AE4A62BD2528606900B435F1 /* AppDelegate.swift */ = {isa = PBXFileReference; lastKnownFileType = sourcecode.swift; path = AppDelegate.swift; sourceTree = "<group>"; };
		AE4A62BF2528606900B435F1 /* SceneDelegate.swift */ = {isa = PBXFileReference; lastKnownFileType = sourcecode.swift; path = SceneDelegate.swift; sourceTree = "<group>"; };
		AE4A62C12528606900B435F1 /* ViewController.swift */ = {isa = PBXFileReference; lastKnownFileType = sourcecode.swift; path = ViewController.swift; sourceTree = "<group>"; };
		AE4A62C42528606900B435F1 /* Base */ = {isa = PBXFileReference; lastKnownFileType = file.storyboard; name = Base; path = Base.lproj/Main.storyboard; sourceTree = "<group>"; };
		AE4A62C62528606D00B435F1 /* Assets.xcassets */ = {isa = PBXFileReference; lastKnownFileType = folder.assetcatalog; path = Assets.xcassets; sourceTree = "<group>"; };
		AE4A62C92528606D00B435F1 /* Base */ = {isa = PBXFileReference; lastKnownFileType = file.storyboard; name = Base; path = Base.lproj/LaunchScreen.storyboard; sourceTree = "<group>"; };
		AE4A62CB2528606D00B435F1 /* Info.plist */ = {isa = PBXFileReference; lastKnownFileType = text.plist.xml; path = Info.plist; sourceTree = "<group>"; };
		AE4A62D02528606D00B435F1 /* SiaogangAppTests.xctest */ = {isa = PBXFileReference; explicitFileType = wrapper.cfbundle; includeInIndex = 0; path = SiaogangAppTests.xctest; sourceTree = BUILT_PRODUCTS_DIR; };
		AE4A62D42528606D00B435F1 /* SiaogangAppTests.swift */ = {isa = PBXFileReference; lastKnownFileType = sourcecode.swift; path = SiaogangAppTests.swift; sourceTree = "<group>"; };
		AE4A62D62528606D00B435F1 /* Info.plist */ = {isa = PBXFileReference; lastKnownFileType = text.plist.xml; path = Info.plist; sourceTree = "<group>"; };
		AE4A62DB2528606D00B435F1 /* SiaogangAppUITests.xctest */ = {isa = PBXFileReference; explicitFileType = wrapper.cfbundle; includeInIndex = 0; path = SiaogangAppUITests.xctest; sourceTree = BUILT_PRODUCTS_DIR; };
		AE4A62DF2528606D00B435F1 /* SiaogangAppUITests.swift */ = {isa = PBXFileReference; lastKnownFileType = sourcecode.swift; path = SiaogangAppUITests.swift; sourceTree = "<group>"; };
		AE4A62E12528606D00B435F1 /* Info.plist */ = {isa = PBXFileReference; lastKnownFileType = text.plist.xml; path = Info.plist; sourceTree = "<group>"; };
/* End PBXFileReference section */

/* Begin PBXFrameworksBuildPhase section */
		AE4A62B72528606900B435F1 /* Frameworks */ = {
			isa = PBXFrameworksBuildPhase;
			buildActionMask = 2147483647;
			files = (
			);
			runOnlyForDeploymentPostprocessing = 0;
		};
		AE4A62CD2528606D00B435F1 /* Frameworks */ = {
			isa = PBXFrameworksBuildPhase;
			buildActionMask = 2147483647;
			files = (
			);
			runOnlyForDeploymentPostprocessing = 0;
		};
		AE4A62D82528606D00B435F1 /* Frameworks */ = {
			isa = PBXFrameworksBuildPhase;
			buildActionMask = 2147483647;
			files = (
			);
			runOnlyForDeploymentPostprocessing = 0;
		};
/* End PBXFrameworksBuildPhase section */

/* Begin PBXGroup section */
		AE4A62B12528606900B435F1 = {
			isa = PBXGroup;
			children = (
				AE4A62BC2528606900B435F1 /* SiaogangApp */,
				AE4A62D32528606D00B435F1 /* SiaogangAppTests */,
				AE4A62DE2528606D00B435F1 /* SiaogangAppUITests */,
				AE4A62BB2528606900B435F1 /* Products */,
			);
			sourceTree = "<group>";
		};
		AE4A62BB2528606900B435F1 /* Products */ = {
			isa = PBXGroup;
			children = (
				AE4A62BA2528606900B435F1 /* SiaogangApp.app */,
				AE4A62D02528606D00B435F1 /* SiaogangAppTests.xctest */,
				AE4A62DB2528606D00B435F1 /* SiaogangAppUITests.xctest */,
			);
			name = Products;
			sourceTree = "<group>";
		};
		AE4A62BC2528606900B435F1 /* SiaogangApp */ = {
			isa = PBXGroup;
			children = (
				AE4A62BD2528606900B435F1 /* AppDelegate.swift */,
				AE4A62BF2528606900B435F1 /* SceneDelegate.swift */,
				AE4A62C12528606900B435F1 /* ViewController.swift */,
				AE4A62C32528606900B435F1 /* Main.storyboard */,
				AE4A62C62528606D00B435F1 /* Assets.xcassets */,
				AE4A62C82528606D00B435F1 /* LaunchScreen.storyboard */,
				AE4A62CB2528606D00B435F1 /* Info.plist */,
			);
			path = SiaogangApp;
			sourceTree = "<group>";
		};
		AE4A62D32528606D00B435F1 /* SiaogangAppTests */ = {
			isa = PBXGroup;
			children = (
				AE4A62D42528606D00B435F1 /* SiaogangAppTests.swift */,
				AE4A62D62528606D00B435F1 /* Info.plist */,
			);
			path = SiaogangAppTests;
			sourceTree = "<group>";
		};
		AE4A62DE2528606D00B435F1 /* SiaogangAppUITests */ = {
			isa = PBXGroup;
			children = (
				AE4A62DF2528606D00B435F1 /* SiaogangAppUITests.swift */,
				AE4A62E12528606D00B435F1 /* Info.plist */,
			);
			path = SiaogangAppUITests;
			sourceTree = "<group>";
		};
/* End PBXGroup section */

/* Begin PBXNativeTarget section */
		AE4A62B92528606900B435F1 /* SiaogangApp */ = {
			isa = PBXNativeTarget;
			buildConfigurationList = AE4A62E42528606D00B435F1 /* Build configuration list for PBXNativeTarget "SiaogangApp" */;
			buildPhases = (
				AE4A62B62528606900B435F1 /* Sources */,
				AE4A62B72528606900B435F1 /* Frameworks */,
				AE4A62B82528606900B435F1 /* Resources */,
			);
			buildRules = (
			);
			dependencies = (
			);
			name = SiaogangApp;
			productName = SiaogangApp;
			productReference = AE4A62BA2528606900B435F1 /* SiaogangApp.app */;
			productType = "com.apple.product-type.application";
		};
		AE4A62CF2528606D00B435F1 /* SiaogangAppTests */ = {
			isa = PBXNativeTarget;
			buildConfigurationList = AE4A62E72528606D00B435F1 /* Build configuration list for PBXNativeTarget "SiaogangAppTests" */;
			buildPhases = (
				AE4A62CC2528606D00B435F1 /* Sources */,
				AE4A62CD2528606D00B435F1 /* Frameworks */,
				AE4A62CE2528606D00B435F1 /* Resources */,
			);
			buildRules = (
			);
			dependencies = (
				AE4A62D22528606D00B435F1 /* PBXTargetDependency */,
			);
			name = SiaogangAppTests;
			productName = SiaogangAppTests;
			productReference = AE4A62D02528606D00B435F1 /* SiaogangAppTests.xctest */;
			productType = "com.apple.product-type.bundle.unit-test";
		};
		AE4A62DA2528606D00B435F1 /* SiaogangAppUITests */ = {
			isa = PBXNativeTarget;
			buildConfigurationList = AE4A62EA2528606D00B435F1 /* Build configuration list for PBXNativeTarget "SiaogangAppUITests" */;
			buildPhases = (
				AE4A62D72528606D00B435F1 /* Sources */,
				AE4A62D82528606D00B435F1 /* Frameworks */,
				AE4A62D92528606D00B435F1 /* Resources */,
			);
			buildRules = (
			);
			dependencies = (
				AE4A62DD2528606D00B435F1 /* PBXTargetDependency */,
			);
			name = SiaogangAppUITests;
			productName = SiaogangAppUITests;
			productReference = AE4A62DB2528606D00B435F1 /* SiaogangAppUITests.xctest */;
			productType = "com.apple.product-type.bundle.ui-testing";
		};
/* End PBXNativeTarget section */

/* Begin PBXProject section */
		AE4A62B22528606900B435F1 /* Project object */ = {
			isa = PBXProject;
			attributes = {
				LastSwiftUpdateCheck = 1200;
				LastUpgradeCheck = 1200;
				TargetAttributes = {
					AE4A62B92528606900B435F1 = {
						CreatedOnToolsVersion = 12.0.1;
					};
					AE4A62CF2528606D00B435F1 = {
						CreatedOnToolsVersion = 12.0.1;
						TestTargetID = AE4A62B92528606900B435F1;
					};
					AE4A62DA2528606D00B435F1 = {
						CreatedOnToolsVersion = 12.0.1;
						TestTargetID = AE4A62B92528606900B435F1;
					};
				};
			};
			buildConfigurationList = AE4A62B52528606900B435F1 /* Build configuration list for PBXProject "SiaogangApp" */;
			compatibilityVersion = "Xcode 9.3";
			developmentRegion = en;
			hasScannedForEncodings = 0;
			knownRegions = (
				en,
				Base,
			);
			mainGroup = AE4A62B12528606900B435F1;
			productRefGroup = AE4A62BB2528606900B435F1 /* Products */;
			projectDirPath = "";
			projectRoot = "";
			targets = (
				AE4A62B92528606900B435F1 /* SiaogangApp */,
				AE4A62CF2528606D00B435F1 /* SiaogangAppTests */,
				AE4A62DA2528606D00B435F1 /* SiaogangAppUITests */,
			);
		};
/* End PBXProject section */

/* Begin PBXResourcesBuildPhase section */
		AE4A62B82528606900B435F1 /* Resources */ = {
			isa = PBXResourcesBuildPhase;
			buildActionMask = 2147483647;
			files = (
				AE4A62CA2528606D00B435F1 /* LaunchScreen.storyboard in Resources */,
				AE4A62C72528606D00B435F1 /* Assets.xcassets in Resources */,
				AE4A62C52528606900B435F1 /* Main.storyboard in Resources */,
			);
			runOnlyForDeploymentPostprocessing = 0;
		};
		AE4A62CE2528606D00B435F1 /* Resources */ = {
			isa = PBXResourcesBuildPhase;
			buildActionMask = 2147483647;
			files = (
			);
			runOnlyForDeploymentPostprocessing = 0;
		};
		AE4A62D92528606D00B435F1 /* Resources */ = {
			isa = PBXResourcesBuildPhase;
			buildActionMask = 2147483647;
			files = (
			);
			runOnlyForDeploymentPostprocessing = 0;
		};
/* End PBXResourcesBuildPhase section */

/* Begin PBXSourcesBuildPhase section */
		AE4A62B62528606900B435F1 /* Sources */ = {
			isa = PBXSourcesBuildPhase;
			buildActionMask = 2147483647;
			files = (
				AE4A62C22528606900B435F1 /* ViewController.swift in Sources */,
				AE4A62BE2528606900B435F1 /* AppDelegate.swift in Sources */,
				AE4A62C02528606900B435F1 /* SceneDelegate.swift in Sources */,
			);
			runOnlyForDeploymentPostprocessing = 0;
		};
		AE4A62CC2528606D00B435F1 /* Sources */ = {
			isa = PBXSourcesBuildPhase;
			buildActionMask = 2147483647;
			files = (
				AE4A62D52528606D00B435F1 /* SiaogangAppTests.swift in Sources */,
			);
			runOnlyForDeploymentPostprocessing = 0;
		};
		AE4A62D72528606D00B435F1 /* Sources */ = {
			isa = PBXSourcesBuildPhase;
			buildActionMask = 2147483647;
			files = (
				AE4A62E02528606D00B435F1 /* SiaogangAppUITests.swift in Sources */,
			);
			runOnlyForDeploymentPostprocessing = 0;
		};
/* End PBXSourcesBuildPhase section */

/* Begin PBXTargetDependency section */
		AE4A62D22528606D00B435F1 /* PBXTargetDependency */ = {
			isa = PBXTargetDependency;
			target = AE4A62B92528606900B435F1 /* SiaogangApp */;
			targetProxy = AE4A62D12528606D00B435F1 /* PBXContainerItemProxy */;
		};
		AE4A62DD2528606D00B435F1 /* PBXTargetDependency */ = {
			isa = PBXTargetDependency;
			target = AE4A62B92528606900B435F1 /* SiaogangApp */;
			targetProxy = AE4A62DC2528606D00B435F1 /* PBXContainerItemProxy */;
		};
/* End PBXTargetDependency section */

/* Begin PBXVariantGroup section */
		AE4A62C32528606900B435F1 /* Main.storyboard */ = {
			isa = PBXVariantGroup;
			children = (
				AE4A62C42528606900B435F1 /* Base */,
			);
			name = Main.storyboard;
			sourceTree = "<group>";
		};
		AE4A62C82528606D00B435F1 /* LaunchScreen.storyboard */ = {
			isa = PBXVariantGroup;
			children = (
				AE4A62C92528606D00B435F1 /* Base */,
			);
			name = LaunchScreen.storyboard;
			sourceTree = "<group>";
		};
/* End PBXVariantGroup section */

/* Begin XCBuildConfiguration section */
		AE4A62E22528606D00B435F1 /* Debug */ = {
			isa = XCBuildConfiguration;
			buildSettings = {
				ALWAYS_SEARCH_USER_PATHS = NO;
				CLANG_ANALYZER_NONNULL = YES;
				CLANG_ANALYZER_NUMBER_OBJECT_CONVERSION = YES_AGGRESSIVE;
				CLANG_CXX_LANGUAGE_STANDARD = "gnu++14";
				CLANG_CXX_LIBRARY = "libc++";
				CLANG_ENABLE_MODULES = YES;
				CLANG_ENABLE_OBJC_ARC = YES;
				CLANG_ENABLE_OBJC_WEAK = YES;
				CLANG_WARN_BLOCK_CAPTURE_AUTORELEASING = YES;
				CLANG_WARN_BOOL_CONVERSION = YES;
				CLANG_WARN_COMMA = YES;
				CLANG_WARN_CONSTANT_CONVERSION = YES;
				CLANG_WARN_DEPRECATED_OBJC_IMPLEMENTATIONS = YES;
				CLANG_WARN_DIRECT_OBJC_ISA_USAGE = YES_ERROR;
				CLANG_WARN_DOCUMENTATION_COMMENTS = YES;
				CLANG_WARN_EMPTY_BODY = YES;
				CLANG_WARN_ENUM_CONVERSION = YES;
				CLANG_WARN_INFINITE_RECURSION = YES;
				CLANG_WARN_INT_CONVERSION = YES;
				CLANG_WARN_NON_LITERAL_NULL_CONVERSION = YES;
				CLANG_WARN_OBJC_IMPLICIT_RETAIN_SELF = YES;
				CLANG_WARN_OBJC_LITERAL_CONVERSION = YES;
				CLANG_WARN_OBJC_ROOT_CLASS = YES_ERROR;
				CLANG_WARN_QUOTED_INCLUDE_IN_FRAMEWORK_HEADER = YES;
				CLANG_WARN_RANGE_LOOP_ANALYSIS = YES;
				CLANG_WARN_STRICT_PROTOTYPES = YES;
				CLANG_WARN_SUSPICIOUS_MOVE = YES;
				CLANG_WARN_UNGUARDED_AVAILABILITY = YES_AGGRESSIVE;
				CLANG_WARN_UNREACHABLE_CODE = YES;
				CLANG_WARN__DUPLICATE_METHOD_MATCH = YES;
				COPY_PHASE_STRIP = NO;
				DEBUG_INFORMATION_FORMAT = dwarf;
				ENABLE_STRICT_OBJC_MSGSEND = YES;
				ENABLE_TESTABILITY = YES;
				GCC_C_LANGUAGE_STANDARD = gnu11;
				GCC_DYNAMIC_NO_PIC = NO;
				GCC_NO_COMMON_BLOCKS = YES;
				GCC_OPTIMIZATION_LEVEL = 0;
				GCC_PREPROCESSOR_DEFINITIONS = (
					"DEBUG=1",
					"$(inherited)",
				);
				GCC_WARN_64_TO_32_BIT_CONVERSION = YES;
				GCC_WARN_ABOUT_RETURN_TYPE = YES_ERROR;
				GCC_WARN_UNDECLARED_SELECTOR = YES;
				GCC_WARN_UNINITIALIZED_AUTOS = YES_AGGRESSIVE;
				GCC_WARN_UNUSED_FUNCTION = YES;
				GCC_WARN_UNUSED_VARIABLE = YES;
				IPHONEOS_DEPLOYMENT_TARGET = 14.0;
				MTL_ENABLE_DEBUG_INFO = INCLUDE_SOURCE;
				MTL_FAST_MATH = YES;
				ONLY_ACTIVE_ARCH = YES;
				SDKROOT = iphoneos;
				SWIFT_ACTIVE_COMPILATION_CONDITIONS = DEBUG;
				SWIFT_OPTIMIZATION_LEVEL = "-Onone";
			};
			name = Debug;
		};
		AE4A62E32528606D00B435F1 /* Release */ = {
			isa = XCBuildConfiguration;
			buildSettings = {
				ALWAYS_SEARCH_USER_PATHS = NO;
				CLANG_ANALYZER_NONNULL = YES;
				CLANG_ANALYZER_NUMBER_OBJECT_CONVERSION = YES_AGGRESSIVE;
				CLANG_CXX_LANGUAGE_STANDARD = "gnu++14";
				CLANG_CXX_LIBRARY = "libc++";
				CLANG_ENABLE_MODULES = YES;
				CLANG_ENABLE_OBJC_ARC = YES;
				CLANG_ENABLE_OBJC_WEAK = YES;
				CLANG_WARN_BLOCK_CAPTURE_AUTORELEASING = YES;
				CLANG_WARN_BOOL_CONVERSION = YES;
				CLANG_WARN_COMMA = YES;
				CLANG_WARN_CONSTANT_CONVERSION = YES;
				CLANG_WARN_DEPRECATED_OBJC_IMPLEMENTATIONS = YES;
				CLANG_WARN_DIRECT_OBJC_ISA_USAGE = YES_ERROR;
				CLANG_WARN_DOCUMENTATION_COMMENTS = YES;
				CLANG_WARN_EMPTY_BODY = YES;
				CLANG_WARN_ENUM_CONVERSION = YES;
				CLANG_WARN_INFINITE_RECURSION = YES;
				CLANG_WARN_INT_CONVERSION = YES;
				CLANG_WARN_NON_LITERAL_NULL_CONVERSION = YES;
				CLANG_WARN_OBJC_IMPLICIT_RETAIN_SELF = YES;
				CLANG_WARN_OBJC_LITERAL_CONVERSION = YES;
				CLANG_WARN_OBJC_ROOT_CLASS = YES_ERROR;
				CLANG_WARN_QUOTED_INCLUDE_IN_FRAMEWORK_HEADER = YES;
				CLANG_WARN_RANGE_LOOP_ANALYSIS = YES;
				CLANG_WARN_STRICT_PROTOTYPES = YES;
				CLANG_WARN_SUSPICIOUS_MOVE = YES;
				CLANG_WARN_UNGUARDED_AVAILABILITY = YES_AGGRESSIVE;
				CLANG_WARN_UNREACHABLE_CODE = YES;
				CLANG_WARN__DUPLICATE_METHOD_MATCH = YES;
				COPY_PHASE_STRIP = NO;
				DEBUG_INFORMATION_FORMAT = "dwarf-with-dsym";
				ENABLE_NS_ASSERTIONS = NO;
				ENABLE_STRICT_OBJC_MSGSEND = YES;
				GCC_C_LANGUAGE_STANDARD = gnu11;
				GCC_NO_COMMON_BLOCKS = YES;
				GCC_WARN_64_TO_32_BIT_CONVERSION = YES;
				GCC_WARN_ABOUT_RETURN_TYPE = YES_ERROR;
				GCC_WARN_UNDECLARED_SELECTOR = YES;
				GCC_WARN_UNINITIALIZED_AUTOS = YES_AGGRESSIVE;
				GCC_WARN_UNUSED_FUNCTION = YES;
				GCC_WARN_UNUSED_VARIABLE = YES;
				IPHONEOS_DEPLOYMENT_TARGET = 14.0;
				MTL_ENABLE_DEBUG_INFO = NO;
				MTL_FAST_MATH = YES;
				SDKROOT = iphoneos;
				SWIFT_COMPILATION_MODE = wholemodule;
				SWIFT_OPTIMIZATION_LEVEL = "-O";
				VALIDATE_PRODUCT = YES;
			};
			name = Release;
		};
		AE4A62E52528606D00B435F1 /* Debug */ = {
			isa = XCBuildConfiguration;
			buildSettings = {
				ASSETCATALOG_COMPILER_APPICON_NAME = AppIcon;
				ASSETCATALOG_COMPILER_GLOBAL_ACCENT_COLOR_NAME = AccentColor;
				CODE_SIGN_STYLE = Automatic;
				DEVELOPMENT_TEAM = 959X4KSG47;
				INFOPLIST_FILE = SiaogangApp/Info.plist;
				LD_RUNPATH_SEARCH_PATHS = (
					"$(inherited)",
					"@executable_path/Frameworks",
				);
				PRODUCT_BUNDLE_IDENTIFIER = ShunLingHu.SiaogangApp;
				PRODUCT_NAME = "$(TARGET_NAME)";
				SWIFT_VERSION = 5.0;
				TARGETED_DEVICE_FAMILY = "1,2";
			};
			name = Debug;
		};
		AE4A62E62528606D00B435F1 /* Release */ = {
			isa = XCBuildConfiguration;
			buildSettings = {
				ASSETCATALOG_COMPILER_APPICON_NAME = AppIcon;
				ASSETCATALOG_COMPILER_GLOBAL_ACCENT_COLOR_NAME = AccentColor;
				CODE_SIGN_STYLE = Automatic;
				DEVELOPMENT_TEAM = 959X4KSG47;
				INFOPLIST_FILE = SiaogangApp/Info.plist;
				LD_RUNPATH_SEARCH_PATHS = (
					"$(inherited)",
					"@executable_path/Frameworks",
				);
				PRODUCT_BUNDLE_IDENTIFIER = ShunLingHu.SiaogangApp;
				PRODUCT_NAME = "$(TARGET_NAME)";
				SWIFT_VERSION = 5.0;
				TARGETED_DEVICE_FAMILY = "1,2";
			};
			name = Release;
		};
		AE4A62E82528606D00B435F1 /* Debug */ = {
			isa = XCBuildConfiguration;
			buildSettings = {
				ALWAYS_EMBED_SWIFT_STANDARD_LIBRARIES = YES;
				BUNDLE_LOADER = "$(TEST_HOST)";
				CODE_SIGN_STYLE = Automatic;
				DEVELOPMENT_TEAM = 959X4KSG47;
				INFOPLIST_FILE = SiaogangAppTests/Info.plist;
				IPHONEOS_DEPLOYMENT_TARGET = 14.0;
				LD_RUNPATH_SEARCH_PATHS = (
					"$(inherited)",
					"@executable_path/Frameworks",
					"@loader_path/Frameworks",
				);
				PRODUCT_BUNDLE_IDENTIFIER = ShunLingHu.SiaogangAppTests;
				PRODUCT_NAME = "$(TARGET_NAME)";
				SWIFT_VERSION = 5.0;
				TARGETED_DEVICE_FAMILY = "1,2";
				TEST_HOST = "$(BUILT_PRODUCTS_DIR)/SiaogangApp.app/SiaogangApp";
			};
			name = Debug;
		};
		AE4A62E92528606D00B435F1 /* Release */ = {
			isa = XCBuildConfiguration;
			buildSettings = {
				ALWAYS_EMBED_SWIFT_STANDARD_LIBRARIES = YES;
				BUNDLE_LOADER = "$(TEST_HOST)";
				CODE_SIGN_STYLE = Automatic;
				DEVELOPMENT_TEAM = 959X4KSG47;
				INFOPLIST_FILE = SiaogangAppTests/Info.plist;
				IPHONEOS_DEPLOYMENT_TARGET = 14.0;
				LD_RUNPATH_SEARCH_PATHS = (
					"$(inherited)",
					"@executable_path/Frameworks",
					"@loader_path/Frameworks",
				);
				PRODUCT_BUNDLE_IDENTIFIER = ShunLingHu.SiaogangAppTests;
				PRODUCT_NAME = "$(TARGET_NAME)";
				SWIFT_VERSION = 5.0;
				TARGETED_DEVICE_FAMILY = "1,2";
				TEST_HOST = "$(BUILT_PRODUCTS_DIR)/SiaogangApp.app/SiaogangApp";
			};
			name = Release;
		};
		AE4A62EB2528606D00B435F1 /* Debug */ = {
			isa = XCBuildConfiguration;
			buildSettings = {
				ALWAYS_EMBED_SWIFT_STANDARD_LIBRARIES = YES;
				CODE_SIGN_STYLE = Automatic;
				DEVELOPMENT_TEAM = 959X4KSG47;
				INFOPLIST_FILE = SiaogangAppUITests/Info.plist;
				LD_RUNPATH_SEARCH_PATHS = (
					"$(inherited)",
					"@executable_path/Frameworks",
					"@loader_path/Frameworks",
				);
				PRODUCT_BUNDLE_IDENTIFIER = ShunLingHu.SiaogangAppUITests;
				PRODUCT_NAME = "$(TARGET_NAME)";
				SWIFT_VERSION = 5.0;
				TARGETED_DEVICE_FAMILY = "1,2";
				TEST_TARGET_NAME = SiaogangApp;
			};
			name = Debug;
		};
		AE4A62EC2528606D00B435F1 /* Release */ = {
			isa = XCBuildConfiguration;
			buildSettings = {
				ALWAYS_EMBED_SWIFT_STANDARD_LIBRARIES = YES;
				CODE_SIGN_STYLE = Automatic;
				DEVELOPMENT_TEAM = 959X4KSG47;
				INFOPLIST_FILE = SiaogangAppUITests/Info.plist;
				LD_RUNPATH_SEARCH_PATHS = (
					"$(inherited)",
					"@executable_path/Frameworks",
					"@loader_path/Frameworks",
				);
				PRODUCT_BUNDLE_IDENTIFIER = ShunLingHu.SiaogangAppUITests;
				PRODUCT_NAME = "$(TARGET_NAME)";
				SWIFT_VERSION = 5.0;
				TARGETED_DEVICE_FAMILY = "1,2";
				TEST_TARGET_NAME = SiaogangApp;
			};
			name = Release;
		};
/* End XCBuildConfiguration section */

/* Begin XCConfigurationList section */
		AE4A62B52528606900B435F1 /* Build configuration list for PBXProject "SiaogangApp" */ = {
			isa = XCConfigurationList;
			buildConfigurations = (
				AE4A62E22528606D00B435F1 /* Debug */,
				AE4A62E32528606D00B435F1 /* Release */,
			);
			defaultConfigurationIsVisible = 0;
			defaultConfigurationName = Release;
		};
		AE4A62E42528606D00B435F1 /* Build configuration list for PBXNativeTarget "SiaogangApp" */ = {
			isa = XCConfigurationList;
			buildConfigurations = (
				AE4A62E52528606D00B435F1 /* Debug */,
				AE4A62E62528606D00B435F1 /* Release */,
			);
			defaultConfigurationIsVisible = 0;
			defaultConfigurationName = Release;
		};
		AE4A62E72528606D00B435F1 /* Build configuration list for PBXNativeTarget "SiaogangAppTests" */ = {
			isa = XCConfigurationList;
			buildConfigurations = (
				AE4A62E82528606D00B435F1 /* Debug */,
				AE4A62E92528606D00B435F1 /* Release */,
			);
			defaultConfigurationIsVisible = 0;
			defaultConfigurationName = Release;
		};
		AE4A62EA2528606D00B435F1 /* Build configuration list for PBXNativeTarget "SiaogangAppUITests" */ = {
			isa = XCConfigurationList;
			buildConfigurations = (
				AE4A62EB2528606D00B435F1 /* Debug */,
				AE4A62EC2528606D00B435F1 /* Release */,
			);
			defaultConfigurationIsVisible = 0;
			defaultConfigurationName = Release;
		};
/* End XCConfigurationList section */
	};
	rootObject = AE4A62B22528606900B435F1 /* Project object */;
}
